
Microsoft Visual Studio Solution File, Format Version 12.00
# Visual Studio 2017
Project("{FAE04EC0-301F-11D3-BF4B-00C04F79EFBC}") = "Global Game Jam 2018 Pigeon", "Global Game Jam 2018 Pigeon.csproj", "{F2EE073D-095C-9926-2C4B-917029F0891B}"
EndProject
Project("{FAE04EC0-301F-11D3-BF4B-00C04F79EFBC}") = "Global Game Jam 2018 Pigeon.Editor", "Global Game Jam 2018 Pigeon.Editor.csproj", "{60AF9E59-FE30-578B-D4B9-12ACD3B0F776}"
EndProject
Global
	GlobalSection(SolutionConfigurationPlatforms) = preSolution
		Debug|Any CPU = Debug|Any CPU
		Release|Any CPU = Release|Any CPU
	EndGlobalSection
	GlobalSection(ProjectConfigurationPlatforms) = postSolution
		{F2EE073D-095C-9926-2C4B-917029F0891B}.Debug|Any CPU.ActiveCfg = Debug|Any CPU
		{F2EE073D-095C-9926-2C4B-917029F0891B}.Debug|Any CPU.Build.0 = Debug|Any CPU
		{F2EE073D-095C-9926-2C4B-917029F0891B}.Release|Any CPU.ActiveCfg = Release|Any CPU
		{F2EE073D-095C-9926-2C4B-917029F0891B}.Release|Any CPU.Build.0 = Release|Any CPU
		{60AF9E59-FE30-578B-D4B9-12ACD3B0F776}.Debug|Any CPU.ActiveCfg = Debug|Any CPU
		{60AF9E59-FE30-578B-D4B9-12ACD3B0F776}.Debug|Any CPU.Build.0 = Debug|Any CPU
		{60AF9E59-FE30-578B-D4B9-12ACD3B0F776}.Release|Any CPU.ActiveCfg = Release|Any CPU
		{60AF9E59-FE30-578B-D4B9-12ACD3B0F776}.Release|Any CPU.Build.0 = Release|Any CPU
	EndGlobalSection
	GlobalSection(SolutionProperties) = preSolution
		HideSolutionNode = FALSE
	EndGlobalSection
EndGlobal
